# This file is automatically @generated by Wally.
# It is not intended for manual editing.
registry = "test"

[[package]]
name = "c5599/procedural-character-animations"
version = "0.1.0"
dependencies = [["epoxyish", "miagobble/epoxyish@0.1.0"]]

[[package]]
name = "miagobble/epoxyish"
version = "0.1.0"
dependencies = []
